
Microsoft Visual Studio Solution File, Format Version 10.00
# Visual Studio 2008
Project("{8BC9CEB8-8B4A-11D0-8D11-00A0C91BC942}") = "proj_read_config", "proj_read_config.vcproj", "{2EA43947-0F1A-4AEC-81D7-8369ED71612A}"
EndProject
Global
	GlobalSection(SolutionConfigurationPlatforms) = preSolution
		Debug|Win32 = Debug|Win32
		Release|Win32 = Release|Win32
	EndGlobalSection
	GlobalSection(ProjectConfigurationPlatforms) = postSolution
		{2EA43947-0F1A-4AEC-81D7-8369ED71612A}.Debug|Win32.ActiveCfg = Debug|Win32
		{2EA43947-0F1A-4AEC-81D7-8369ED71612A}.Debug|Win32.Build.0 = Debug|Win32
		{2EA43947-0F1A-4AEC-81D7-8369ED71612A}.Release|Win32.ActiveCfg = Release|Win32
		{2EA43947-0F1A-4AEC-81D7-8369ED71612A}.Release|Win32.Build.0 = Release|Win32
	EndGlobalSection
	GlobalSection(SolutionProperties) = preSolution
		HideSolutionNode = FALSE
	EndGlobalSection
EndGlobal
